github.com/DhandyPF/go-say-hello v1.0.2 h1:9qPQTIivu2lNsThPJrbrgdQfMcxx8PoPbmH0rBCg1Z0=
github.com/DhandyPF/go-say-hello v1.0.2/go.mod h1:4QfJURoP2y8BC00MCHUW+qNES5Pczpvkax7wTW1dFK8=
github.com/ProgrammerZamanNow/go-say-hello/v2 v2.0.0 h1:7gOWc+nhHXWt2NNcgaf10tukVd+Q3593ORBHUY7HKw0=
github.com/ProgrammerZamanNow/go-say-hello/v2 v2.0.0/go.mod h1:hgewElIxP/zZUPki93yQN+Lom11iOnrHFgfcw1pI+J8=
