github.com/DhandyPF/go-say-hello v1.0.1 h1:ftcYGF+bme0qtkgFqqtkALVL/F7MFQIkV8DGmw5jJdI=
github.com/DhandyPF/go-say-hello v1.0.1/go.mod h1:4QfJURoP2y8BC00MCHUW+qNES5Pczpvkax7wTW1dFK8=
github.com/DhandyPF/go-say-hello v1.0.2 h1:9qPQTIivu2lNsThPJrbrgdQfMcxx8PoPbmH0rBCg1Z0=
github.com/DhandyPF/go-say-hello v1.0.2/go.mod h1:4QfJURoP2y8BC00MCHUW+qNES5Pczpvkax7wTW1dFK8=
